# THIS IS AN AUTOGENERATED FILE. DO NOT EDIT THIS FILE DIRECTLY.
# yarn lockfile v1


"@aspen.cloud/agent-typings@^0.1.9":
  "integrity" "sha512-Tep+iXNCvK5wcS4ssYZlaIF3DSw6MSQ/IraLO1gBcd2osG4nb4D9AXuQ44TZoG+gm4XPKiGGgi8pbP4d+7akZg=="
  "resolved" "https://registry.npmjs.org/@aspen.cloud/agent-typings/-/agent-typings-0.1.9.tgz"
  "version" "0.1.9"
  dependencies:
    "node-fetch" "^3.0.0"

"@types/chess.js@0.11.2":
  "integrity" "sha512-ZgT0f5Dm1x+kjA/RhCQpBM2NoUGkdk9JFdwncW7/GdqzHCOkLsOTq4k/EKRiRTCFLXR4fTKk8j7KNOmzzHQVgg=="
  "resolved" "https://registry.npmjs.org/@types/chess.js/-/chess.js-0.11.2.tgz"
  "version" "0.11.2"

"chess.js@0.12.0":
  "integrity" "sha512-eF1xf4j88r/AwIRxqV1FXZbVgMt4yUx05xrL+ZMqUrY+snFrUxGVHs0VgEd3AvngujDE9th7XZqqCwEKEQ7mWQ=="
  "resolved" "https://registry.npmjs.org/chess.js/-/chess.js-0.12.0.tgz"
  "version" "0.12.0"

"data-uri-to-buffer@^4.0.0":
  "integrity" "sha512-Vr3mLBA8qWmcuschSLAOogKgQ/Jwxulv3RNE4FXnYWRGujzrRWQI4m12fQqRkwX06C0KanhLr4hK+GydchZsaA=="
  "resolved" "https://registry.npmjs.org/data-uri-to-buffer/-/data-uri-to-buffer-4.0.0.tgz"
  "version" "4.0.0"

"esbuild-darwin-arm64@0.13.12":
  "integrity" "sha512-JvAMtshP45Hd8A8wOzjkY1xAnTKTYuP/QUaKp5eUQGX+76GIie3fCdUUr2ZEKdvpSImNqxiZSIMziEiGB5oUmQ=="
  "resolved" "https://registry.npmjs.org/esbuild-darwin-arm64/-/esbuild-darwin-arm64-0.13.12.tgz"
  "version" "0.13.12"

"esbuild@^0.13.12":
  "integrity" "sha512-vTKKUt+yoz61U/BbrnmlG9XIjwpdIxmHB8DlPR0AAW6OdS+nBQBci6LUHU2q9WbBobMEIQxxDpKbkmOGYvxsow=="
  "resolved" "https://registry.npmjs.org/esbuild/-/esbuild-0.13.12.tgz"
  "version" "0.13.12"
  optionalDependencies:
    "esbuild-android-arm64" "0.13.12"
    "esbuild-darwin-64" "0.13.12"
    "esbuild-darwin-arm64" "0.13.12"
    "esbuild-freebsd-64" "0.13.12"
    "esbuild-freebsd-arm64" "0.13.12"
    "esbuild-linux-32" "0.13.12"
    "esbuild-linux-64" "0.13.12"
    "esbuild-linux-arm" "0.13.12"
    "esbuild-linux-arm64" "0.13.12"
    "esbuild-linux-mips64le" "0.13.12"
    "esbuild-linux-ppc64le" "0.13.12"
    "esbuild-netbsd-64" "0.13.12"
    "esbuild-openbsd-64" "0.13.12"
    "esbuild-sunos-64" "0.13.12"
    "esbuild-windows-32" "0.13.12"
    "esbuild-windows-64" "0.13.12"
    "esbuild-windows-arm64" "0.13.12"

"fetch-blob@^3.1.2":
  "integrity" "sha512-ax1Y5I9w+9+JiM+wdHkhBoxew+zG4AJ2SvAD1v1szpddUIiPERVGBxrMcB2ZqW0Y3PP8bOWYv2zqQq1Jp2kqUQ=="
  "resolved" "https://registry.npmjs.org/fetch-blob/-/fetch-blob-3.1.3.tgz"
  "version" "3.1.3"
  dependencies:
    "web-streams-polyfill" "^3.0.3"

"formdata-polyfill@^4.0.10":
  "integrity" "sha512-buewHzMvYL29jdeQTVILecSaZKnt/RJWjoZCF5OW60Z67/GmSLBkOFM7qh1PI3zFNtJbaZL5eQu1vLfazOwj4g=="
  "resolved" "https://registry.npmjs.org/formdata-polyfill/-/formdata-polyfill-4.0.10.tgz"
  "version" "4.0.10"
  dependencies:
    "fetch-blob" "^3.1.2"

"nanoid@^3.1.29":
  "integrity" "sha512-zJpuPDwOv8D2zq2WRoMe1HsfZthVewpel9CAvTfc/2mBD1uUT/agc5f7GHGWXlYkFvi1mVxe4IjvP2HNrop7nQ=="
  "resolved" "https://registry.npmjs.org/nanoid/-/nanoid-3.1.30.tgz"
  "version" "3.1.30"

"node-fetch@^3.0.0":
  "integrity" "sha512-QU0WbIfMUjd5+MUzQOYhenAazakV7Irh1SGkWCsRzBwvm4fAhzEUaHMJ6QLP7gWT6WO9/oH2zhKMMGMuIrDyKw=="
  "resolved" "https://registry.npmjs.org/node-fetch/-/node-fetch-3.1.0.tgz"
  "version" "3.1.0"
  dependencies:
    "data-uri-to-buffer" "^4.0.0"
    "fetch-blob" "^3.1.2"
    "formdata-polyfill" "^4.0.10"

"web-streams-polyfill@^3.0.3":
  "integrity" "sha512-EqPmREeOzttaLRm5HS7io98goBgZ7IVz79aDvqjD0kYXLtFZTc0T/U6wHTPKyIjb+MdN7DFIIX6hgdBEpWmfPA=="
  "resolved" "https://registry.npmjs.org/web-streams-polyfill/-/web-streams-polyfill-3.2.0.tgz"
  "version" "3.2.0"
